{
  "name": "open-standards-guidebook",
  "version": "1.0.0",
  "lockfileVersion": 1,
  "requires": true,
  "dependencies": {
    "modularscale-sass": {
      "version": "3.0.5",
      "resolved": "https://registry.npmjs.org/modularscale-sass/-/modularscale-sass-3.0.5.tgz",
      "integrity": "sha512-I6P3GKSUUa4Z8atzXaw9pBJZLMzelY/fkyN2M+4cwc4aMdt79ROA51wlGEJQ+F3EysJlwoxHR2SpkloS/TgjAA==",
      "dev": true
    }
  }
}
